
Microsoft Visual Studio Solution File, Format Version 12.00
# Visual Studio Version 17
VisualStudioVersion = 17.2.32616.157
MinimumVisualStudioVersion = 10.0.40219.1
Project("{FAE04EC0-301F-11D3-BF4B-00C04F79EFBC}") = "ChatRoomApp.Web", "ChatRoomApp\ChatRoomApp.Web.csproj", "{44EC8960-6D3A-411D-BE32-6F38BC439B60}"
EndProject
Project("{FAE04EC0-301F-11D3-BF4B-00C04F79EFBC}") = "ChatRoomApp.Data", "ChatRoomApp.Data\ChatRoomApp.Data.csproj", "{02A4E9CD-DFFB-4399-AFEE-93ACA18616EB}"
EndProject
Project("{FAE04EC0-301F-11D3-BF4B-00C04F79EFBC}") = "ChatRoomApp.Business", "ChatRoomApp.Business\ChatRoomApp.Business.csproj", "{3706D915-3986-412F-8CCC-0C6AF340DC4F}"
EndProject
Global
	GlobalSection(SolutionConfigurationPlatforms) = preSolution
		Debug|Any CPU = Debug|Any CPU
		Release|Any CPU = Release|Any CPU
	EndGlobalSection
	GlobalSection(ProjectConfigurationPlatforms) = postSolution
		{44EC8960-6D3A-411D-BE32-6F38BC439B60}.Debug|Any CPU.ActiveCfg = Debug|Any CPU
		{44EC8960-6D3A-411D-BE32-6F38BC439B60}.Debug|Any CPU.Build.0 = Debug|Any CPU
		{44EC8960-6D3A-411D-BE32-6F38BC439B60}.Release|Any CPU.ActiveCfg = Release|Any CPU
		{44EC8960-6D3A-411D-BE32-6F38BC439B60}.Release|Any CPU.Build.0 = Release|Any CPU
		{02A4E9CD-DFFB-4399-AFEE-93ACA18616EB}.Debug|Any CPU.ActiveCfg = Debug|Any CPU
		{02A4E9CD-DFFB-4399-AFEE-93ACA18616EB}.Debug|Any CPU.Build.0 = Debug|Any CPU
		{02A4E9CD-DFFB-4399-AFEE-93ACA18616EB}.Release|Any CPU.ActiveCfg = Release|Any CPU
		{02A4E9CD-DFFB-4399-AFEE-93ACA18616EB}.Release|Any CPU.Build.0 = Release|Any CPU
		{3706D915-3986-412F-8CCC-0C6AF340DC4F}.Debug|Any CPU.ActiveCfg = Debug|Any CPU
		{3706D915-3986-412F-8CCC-0C6AF340DC4F}.Debug|Any CPU.Build.0 = Debug|Any CPU
		{3706D915-3986-412F-8CCC-0C6AF340DC4F}.Release|Any CPU.ActiveCfg = Release|Any CPU
		{3706D915-3986-412F-8CCC-0C6AF340DC4F}.Release|Any CPU.Build.0 = Release|Any CPU
	EndGlobalSection
	GlobalSection(SolutionProperties) = preSolution
		HideSolutionNode = FALSE
	EndGlobalSection
	GlobalSection(ExtensibilityGlobals) = postSolution
		SolutionGuid = {8562CF0A-1D79-4367-B03A-5EDD413AF7DE}
	EndGlobalSection
EndGlobal
